
Microsoft Visual Studio Solution File, Format Version 12.00
Project("{2150E333-8FDC-42A3-9474-1A3956D46DE8}") = "Services", "Services", "{921F940B-D23D-4A84-9BA2-B710C7149BF1}"
EndProject
Project("{2150E333-8FDC-42A3-9474-1A3956D46DE8}") = "Catalog", "Catalog", "{694129A6-F0A8-4942-B8E9-0D92F93943EE}"
EndProject
Project("{2150E333-8FDC-42A3-9474-1A3956D46DE8}") = "Solution Items", "Solution Items", "{C5ACCCF9-25B7-45C4-B7D4-1F45D7D152EA}"
	ProjectSection(SolutionItems) = preProject
		docker-compose.yml = docker-compose.yml
		docker-compose.override.yml = docker-compose.override.yml
	EndProjectSection
EndProject
Project("{FAE04EC0-301F-11D3-BF4B-00C04F79EFBC}") = "Catalog.API", "Services\Catalog\Catalog.API\Catalog.API.csproj", "{952E459D-855B-4CF9-97E5-C766C54BD74D}"
EndProject
Project("{2150E333-8FDC-42A3-9474-1A3956D46DE8}") = "Basket", "Basket", "{783C790A-B81F-4519-B651-8826F3BD1EEC}"
EndProject
Project("{FAE04EC0-301F-11D3-BF4B-00C04F79EFBC}") = "Basket.API", "Services\Basket\Basket.API\Basket.API.csproj", "{097BB0E4-57AB-45CD-8DAE-C556E6E34538}"
EndProject
Project("{2150E333-8FDC-42A3-9474-1A3956D46DE8}") = "Discount", "Discount", "{08BE456C-1FDD-47CA-BE79-9844B832654A}"
EndProject
Project("{FAE04EC0-301F-11D3-BF4B-00C04F79EFBC}") = "Discount.API", "Services\Discount\Discount.API\Discount.API.csproj", "{E44E9EC9-0CE8-4C0B-AF55-8A5AD5DDD276}"
EndProject
Project("{FAE04EC0-301F-11D3-BF4B-00C04F79EFBC}") = "Discount.Grpc", "Services\Discount\Discount.Grpc\Discount.Grpc.csproj", "{E67AB580-62E1-4E66-BEDA-AFCED42CF031}"
EndProject
Project("{2150E333-8FDC-42A3-9474-1A3956D46DE8}") = "Ordering", "Ordering", "{8EA6FEEC-9FA3-45FD-9EA3-1467D14F4548}"
EndProject
Project("{FAE04EC0-301F-11D3-BF4B-00C04F79EFBC}") = "Ordering.API", "Services\Ordering\Ordering.API\Ordering.API.csproj", "{65D1B02A-6981-49B1-928D-0D11DE99DC75}"
EndProject
Project("{FAE04EC0-301F-11D3-BF4B-00C04F79EFBC}") = "Ordering.Domain", "Services\Ordering\Ordering.Domain\Ordering.Domain.csproj", "{CED2A988-3009-46B7-9C51-B53949297B20}"
EndProject
Project("{FAE04EC0-301F-11D3-BF4B-00C04F79EFBC}") = "Ordering.Application", "Services\Ordering\Ordering.Application\Ordering.Application.csproj", "{1557A666-14D6-4DDF-9FC4-2BB5D7D8AAA9}"
EndProject
Project("{FAE04EC0-301F-11D3-BF4B-00C04F79EFBC}") = "Ordering.Infrastructure", "Services\Ordering\Ordering.Infrastructure\Ordering.Infrastructure.csproj", "{33BAFD50-AF37-4EA9-BB7E-9AE71E9F4FF8}"
EndProject
Project("{2150E333-8FDC-42A3-9474-1A3956D46DE8}") = "BuildingBlocks", "BuildingBlocks", "{32D76A82-73E7-4CB0-9945-EAE068C24964}"
EndProject
Project("{FAE04EC0-301F-11D3-BF4B-00C04F79EFBC}") = "EventBus.Messages", "BuildingBlocks\EventBus.Messages\EventBus.Messages.csproj", "{DBCC762E-D5E7-4A1B-8FAB-FE661EAED33C}"
EndProject
Project("{2150E333-8FDC-42A3-9474-1A3956D46DE8}") = "ApiGateways", "ApiGateways", "{8A6DBD0F-837A-4242-B7D3-56C1F49B458C}"
EndProject
Project("{FAE04EC0-301F-11D3-BF4B-00C04F79EFBC}") = "OcelotApiGw", "ApiGateways\OcelotApiGw\OcelotApiGw.csproj", "{87902A79-79FD-42C0-9F84-DE9EF7C1D9A8}"
EndProject
Project("{FAE04EC0-301F-11D3-BF4B-00C04F79EFBC}") = "Shopping.Aggregator", "ApiGateways\Shopping.Aggregator\Shopping.Aggregator.csproj", "{D6B84CEC-E236-41B5-9435-18E2408B18AE}"
EndProject
Global
	GlobalSection(SolutionConfigurationPlatforms) = preSolution
		Debug|Any CPU = Debug|Any CPU
		Release|Any CPU = Release|Any CPU
	EndGlobalSection
	GlobalSection(NestedProjects) = preSolution
		{694129A6-F0A8-4942-B8E9-0D92F93943EE} = {921F940B-D23D-4A84-9BA2-B710C7149BF1}
		{952E459D-855B-4CF9-97E5-C766C54BD74D} = {694129A6-F0A8-4942-B8E9-0D92F93943EE}
		{783C790A-B81F-4519-B651-8826F3BD1EEC} = {921F940B-D23D-4A84-9BA2-B710C7149BF1}
		{097BB0E4-57AB-45CD-8DAE-C556E6E34538} = {783C790A-B81F-4519-B651-8826F3BD1EEC}
		{08BE456C-1FDD-47CA-BE79-9844B832654A} = {921F940B-D23D-4A84-9BA2-B710C7149BF1}
		{E44E9EC9-0CE8-4C0B-AF55-8A5AD5DDD276} = {08BE456C-1FDD-47CA-BE79-9844B832654A}
		{E67AB580-62E1-4E66-BEDA-AFCED42CF031} = {08BE456C-1FDD-47CA-BE79-9844B832654A}
		{8EA6FEEC-9FA3-45FD-9EA3-1467D14F4548} = {921F940B-D23D-4A84-9BA2-B710C7149BF1}
		{65D1B02A-6981-49B1-928D-0D11DE99DC75} = {8EA6FEEC-9FA3-45FD-9EA3-1467D14F4548}
		{CED2A988-3009-46B7-9C51-B53949297B20} = {8EA6FEEC-9FA3-45FD-9EA3-1467D14F4548}
		{1557A666-14D6-4DDF-9FC4-2BB5D7D8AAA9} = {8EA6FEEC-9FA3-45FD-9EA3-1467D14F4548}
		{33BAFD50-AF37-4EA9-BB7E-9AE71E9F4FF8} = {8EA6FEEC-9FA3-45FD-9EA3-1467D14F4548}
		{DBCC762E-D5E7-4A1B-8FAB-FE661EAED33C} = {32D76A82-73E7-4CB0-9945-EAE068C24964}
		{87902A79-79FD-42C0-9F84-DE9EF7C1D9A8} = {8A6DBD0F-837A-4242-B7D3-56C1F49B458C}
		{D6B84CEC-E236-41B5-9435-18E2408B18AE} = {8A6DBD0F-837A-4242-B7D3-56C1F49B458C}
	EndGlobalSection
	GlobalSection(ProjectConfigurationPlatforms) = postSolution
		{952E459D-855B-4CF9-97E5-C766C54BD74D}.Debug|Any CPU.ActiveCfg = Debug|Any CPU
		{952E459D-855B-4CF9-97E5-C766C54BD74D}.Debug|Any CPU.Build.0 = Debug|Any CPU
		{952E459D-855B-4CF9-97E5-C766C54BD74D}.Release|Any CPU.ActiveCfg = Release|Any CPU
		{952E459D-855B-4CF9-97E5-C766C54BD74D}.Release|Any CPU.Build.0 = Release|Any CPU
		{097BB0E4-57AB-45CD-8DAE-C556E6E34538}.Debug|Any CPU.ActiveCfg = Debug|Any CPU
		{097BB0E4-57AB-45CD-8DAE-C556E6E34538}.Debug|Any CPU.Build.0 = Debug|Any CPU
		{097BB0E4-57AB-45CD-8DAE-C556E6E34538}.Release|Any CPU.ActiveCfg = Release|Any CPU
		{097BB0E4-57AB-45CD-8DAE-C556E6E34538}.Release|Any CPU.Build.0 = Release|Any CPU
		{E44E9EC9-0CE8-4C0B-AF55-8A5AD5DDD276}.Debug|Any CPU.ActiveCfg = Debug|Any CPU
		{E44E9EC9-0CE8-4C0B-AF55-8A5AD5DDD276}.Debug|Any CPU.Build.0 = Debug|Any CPU
		{E44E9EC9-0CE8-4C0B-AF55-8A5AD5DDD276}.Release|Any CPU.ActiveCfg = Release|Any CPU
		{E44E9EC9-0CE8-4C0B-AF55-8A5AD5DDD276}.Release|Any CPU.Build.0 = Release|Any CPU
		{E67AB580-62E1-4E66-BEDA-AFCED42CF031}.Debug|Any CPU.ActiveCfg = Debug|Any CPU
		{E67AB580-62E1-4E66-BEDA-AFCED42CF031}.Debug|Any CPU.Build.0 = Debug|Any CPU
		{E67AB580-62E1-4E66-BEDA-AFCED42CF031}.Release|Any CPU.ActiveCfg = Release|Any CPU
		{E67AB580-62E1-4E66-BEDA-AFCED42CF031}.Release|Any CPU.Build.0 = Release|Any CPU
		{65D1B02A-6981-49B1-928D-0D11DE99DC75}.Debug|Any CPU.ActiveCfg = Debug|Any CPU
		{65D1B02A-6981-49B1-928D-0D11DE99DC75}.Debug|Any CPU.Build.0 = Debug|Any CPU
		{65D1B02A-6981-49B1-928D-0D11DE99DC75}.Release|Any CPU.ActiveCfg = Release|Any CPU
		{65D1B02A-6981-49B1-928D-0D11DE99DC75}.Release|Any CPU.Build.0 = Release|Any CPU
		{CED2A988-3009-46B7-9C51-B53949297B20}.Debug|Any CPU.ActiveCfg = Debug|Any CPU
		{CED2A988-3009-46B7-9C51-B53949297B20}.Debug|Any CPU.Build.0 = Debug|Any CPU
		{CED2A988-3009-46B7-9C51-B53949297B20}.Release|Any CPU.ActiveCfg = Release|Any CPU
		{CED2A988-3009-46B7-9C51-B53949297B20}.Release|Any CPU.Build.0 = Release|Any CPU
		{1557A666-14D6-4DDF-9FC4-2BB5D7D8AAA9}.Debug|Any CPU.ActiveCfg = Debug|Any CPU
		{1557A666-14D6-4DDF-9FC4-2BB5D7D8AAA9}.Debug|Any CPU.Build.0 = Debug|Any CPU
		{1557A666-14D6-4DDF-9FC4-2BB5D7D8AAA9}.Release|Any CPU.ActiveCfg = Release|Any CPU
		{1557A666-14D6-4DDF-9FC4-2BB5D7D8AAA9}.Release|Any CPU.Build.0 = Release|Any CPU
		{33BAFD50-AF37-4EA9-BB7E-9AE71E9F4FF8}.Debug|Any CPU.ActiveCfg = Debug|Any CPU
		{33BAFD50-AF37-4EA9-BB7E-9AE71E9F4FF8}.Debug|Any CPU.Build.0 = Debug|Any CPU
		{33BAFD50-AF37-4EA9-BB7E-9AE71E9F4FF8}.Release|Any CPU.ActiveCfg = Release|Any CPU
		{33BAFD50-AF37-4EA9-BB7E-9AE71E9F4FF8}.Release|Any CPU.Build.0 = Release|Any CPU
		{DBCC762E-D5E7-4A1B-8FAB-FE661EAED33C}.Debug|Any CPU.ActiveCfg = Debug|Any CPU
		{DBCC762E-D5E7-4A1B-8FAB-FE661EAED33C}.Debug|Any CPU.Build.0 = Debug|Any CPU
		{DBCC762E-D5E7-4A1B-8FAB-FE661EAED33C}.Release|Any CPU.ActiveCfg = Release|Any CPU
		{DBCC762E-D5E7-4A1B-8FAB-FE661EAED33C}.Release|Any CPU.Build.0 = Release|Any CPU
		{87902A79-79FD-42C0-9F84-DE9EF7C1D9A8}.Debug|Any CPU.ActiveCfg = Debug|Any CPU
		{87902A79-79FD-42C0-9F84-DE9EF7C1D9A8}.Debug|Any CPU.Build.0 = Debug|Any CPU
		{87902A79-79FD-42C0-9F84-DE9EF7C1D9A8}.Release|Any CPU.ActiveCfg = Release|Any CPU
		{87902A79-79FD-42C0-9F84-DE9EF7C1D9A8}.Release|Any CPU.Build.0 = Release|Any CPU
		{D6B84CEC-E236-41B5-9435-18E2408B18AE}.Debug|Any CPU.ActiveCfg = Debug|Any CPU
		{D6B84CEC-E236-41B5-9435-18E2408B18AE}.Debug|Any CPU.Build.0 = Debug|Any CPU
		{D6B84CEC-E236-41B5-9435-18E2408B18AE}.Release|Any CPU.ActiveCfg = Release|Any CPU
		{D6B84CEC-E236-41B5-9435-18E2408B18AE}.Release|Any CPU.Build.0 = Release|Any CPU
	EndGlobalSection
	GlobalSection(RiderSharedRunConfigurations) = postSolution
		File = Services\Catalog\Catalog.API\Catalog.API_ https.run.xml
		File = Services\Catalog\Catalog.API\Catalog.API_ http.run.xml
	EndGlobalSection
EndGlobal
